
Microsoft Visual Studio Solution File, Format Version 12.00
# Visual Studio 15
VisualStudioVersion = 15.0.28010.2036
MinimumVisualStudioVersion = 10.0.40219.1
Project("{FAE04EC0-301F-11D3-BF4B-00C04F79EFBC}") = "UserControlsCS", "UserControlsCS\UserControlsCS.csproj", "{09790D21-B23F-4B1A-BE20-14BFD65BFCA3}"
EndProject
Global
	GlobalSection(SolutionConfigurationPlatforms) = preSolution
		Debug|Any CPU = Debug|Any CPU
		Release|Any CPU = Release|Any CPU
	EndGlobalSection
	GlobalSection(ProjectConfigurationPlatforms) = postSolution
		{09790D21-B23F-4B1A-BE20-14BFD65BFCA3}.Debug|Any CPU.ActiveCfg = Debug|Any CPU
		{09790D21-B23F-4B1A-BE20-14BFD65BFCA3}.Debug|Any CPU.Build.0 = Debug|Any CPU
		{09790D21-B23F-4B1A-BE20-14BFD65BFCA3}.Release|Any CPU.ActiveCfg = Release|Any CPU
		{09790D21-B23F-4B1A-BE20-14BFD65BFCA3}.Release|Any CPU.Build.0 = Release|Any CPU
	EndGlobalSection
	GlobalSection(SolutionProperties) = preSolution
		HideSolutionNode = FALSE
	EndGlobalSection
	GlobalSection(ExtensibilityGlobals) = postSolution
		SolutionGuid = {456A8103-FB84-4FE5-8777-9FD87E196F29}
	EndGlobalSection
EndGlobal
