
Microsoft Visual Studio Solution File, Format Version 12.00
# Visual Studio 15
VisualStudioVersion = 15.0.28010.2036
MinimumVisualStudioVersion = 10.0.40219.1
Project("{FAE04EC0-301F-11D3-BF4B-00C04F79EFBC}") = "DesignerCS", "DesignerCS\DesignerCS.csproj", "{E5AA9676-2427-45B7-BFA8-1C7CC84B6BE4}"
EndProject
Global
	GlobalSection(SolutionConfigurationPlatforms) = preSolution
		Debug|Any CPU = Debug|Any CPU
		Release|Any CPU = Release|Any CPU
	EndGlobalSection
	GlobalSection(ProjectConfigurationPlatforms) = postSolution
		{E5AA9676-2427-45B7-BFA8-1C7CC84B6BE4}.Debug|Any CPU.ActiveCfg = Debug|Any CPU
		{E5AA9676-2427-45B7-BFA8-1C7CC84B6BE4}.Debug|Any CPU.Build.0 = Debug|Any CPU
		{E5AA9676-2427-45B7-BFA8-1C7CC84B6BE4}.Release|Any CPU.ActiveCfg = Release|Any CPU
		{E5AA9676-2427-45B7-BFA8-1C7CC84B6BE4}.Release|Any CPU.Build.0 = Release|Any CPU
	EndGlobalSection
	GlobalSection(SolutionProperties) = preSolution
		HideSolutionNode = FALSE
	EndGlobalSection
	GlobalSection(ExtensibilityGlobals) = postSolution
		SolutionGuid = {59A79912-FB33-4413-AD2A-D97505E167B7}
	EndGlobalSection
EndGlobal
