
Microsoft Visual Studio Solution File, Format Version 12.00
# Visual Studio 15
VisualStudioVersion = 15.0.28010.2036
MinimumVisualStudioVersion = 10.0.40219.1
Project("{F184B08F-C81C-45F6-A57F-5ABD9991F28F}") = "CustomDialogs", "CustomDialogs\CustomDialogs.vbproj", "{21C7F013-CF92-48FE-AAFD-A86F1DF8F701}"
EndProject
Global
	GlobalSection(SolutionConfigurationPlatforms) = preSolution
		Debug|Any CPU = Debug|Any CPU
		Release|Any CPU = Release|Any CPU
	EndGlobalSection
	GlobalSection(ProjectConfigurationPlatforms) = postSolution
		{21C7F013-CF92-48FE-AAFD-A86F1DF8F701}.Debug|Any CPU.ActiveCfg = Debug|Any CPU
		{21C7F013-CF92-48FE-AAFD-A86F1DF8F701}.Debug|Any CPU.Build.0 = Debug|Any CPU
		{21C7F013-CF92-48FE-AAFD-A86F1DF8F701}.Release|Any CPU.ActiveCfg = Release|Any CPU
		{21C7F013-CF92-48FE-AAFD-A86F1DF8F701}.Release|Any CPU.Build.0 = Release|Any CPU
	EndGlobalSection
	GlobalSection(SolutionProperties) = preSolution
		HideSolutionNode = FALSE
	EndGlobalSection
	GlobalSection(ExtensibilityGlobals) = postSolution
		SolutionGuid = {7EC819AF-B71E-4380-A327-53FC5D26E356}
	EndGlobalSection
EndGlobal
