
Microsoft Visual Studio Solution File, Format Version 12.00
# Visual Studio 15
VisualStudioVersion = 15.0.28010.2036
MinimumVisualStudioVersion = 10.0.40219.1
Project("{F184B08F-C81C-45F6-A57F-5ABD9991F28F}") = "Explorer", "Explorer\Explorer.vbproj", "{48A07FF5-4E08-47A3-84F4-477FEF93F831}"
EndProject
Global
	GlobalSection(SolutionConfigurationPlatforms) = preSolution
		Debug|Any CPU = Debug|Any CPU
		Release|Any CPU = Release|Any CPU
	EndGlobalSection
	GlobalSection(ProjectConfigurationPlatforms) = postSolution
		{48A07FF5-4E08-47A3-84F4-477FEF93F831}.Debug|Any CPU.ActiveCfg = Debug|Any CPU
		{48A07FF5-4E08-47A3-84F4-477FEF93F831}.Debug|Any CPU.Build.0 = Debug|Any CPU
		{48A07FF5-4E08-47A3-84F4-477FEF93F831}.Release|Any CPU.ActiveCfg = Release|Any CPU
		{48A07FF5-4E08-47A3-84F4-477FEF93F831}.Release|Any CPU.Build.0 = Release|Any CPU
	EndGlobalSection
	GlobalSection(SolutionProperties) = preSolution
		HideSolutionNode = FALSE
	EndGlobalSection
	GlobalSection(ExtensibilityGlobals) = postSolution
		SolutionGuid = {614FB1A8-43E9-463F-875A-A0E63FCB1BA3}
	EndGlobalSection
EndGlobal
