
Microsoft Visual Studio Solution File, Format Version 12.00
# Visual Studio 15
VisualStudioVersion = 15.0.28010.2036
MinimumVisualStudioVersion = 10.0.40219.1
Project("{FAE04EC0-301F-11D3-BF4B-00C04F79EFBC}") = "DialogsCS", "DialogsCS\DialogsCS.csproj", "{E39CC01D-7DCC-4F15-B3ED-779AFD4238F2}"
EndProject
Global
	GlobalSection(SolutionConfigurationPlatforms) = preSolution
		Debug|Any CPU = Debug|Any CPU
		Release|Any CPU = Release|Any CPU
	EndGlobalSection
	GlobalSection(ProjectConfigurationPlatforms) = postSolution
		{E39CC01D-7DCC-4F15-B3ED-779AFD4238F2}.Debug|Any CPU.ActiveCfg = Debug|Any CPU
		{E39CC01D-7DCC-4F15-B3ED-779AFD4238F2}.Debug|Any CPU.Build.0 = Debug|Any CPU
		{E39CC01D-7DCC-4F15-B3ED-779AFD4238F2}.Release|Any CPU.ActiveCfg = Release|Any CPU
		{E39CC01D-7DCC-4F15-B3ED-779AFD4238F2}.Release|Any CPU.Build.0 = Release|Any CPU
	EndGlobalSection
	GlobalSection(SolutionProperties) = preSolution
		HideSolutionNode = FALSE
	EndGlobalSection
	GlobalSection(ExtensibilityGlobals) = postSolution
		SolutionGuid = {879F2E2C-8DEA-463A-AB83-680233782735}
	EndGlobalSection
EndGlobal
